// !$*UTF8*$!
{
	archiveVersion = 1;
	classes = {
	};
	objectVersion = 46;
	objects = {
/* Begin PBXBuildFile section */
		0207DA581B56EA530066E2B4 /* Images.xcassets in Resources */ = {isa = PBXBuildFile; fileRef = 0207DA571B56EA530066E2B4 /* Images.xcassets */; };
		1D3623260D0F684500981E51 /* AppDelegate.m in Sources */ = {isa = PBXBuildFile; fileRef = 1D3623250D0F684500981E51 /* AppDelegate.m */; };
		1D60589B0D05DD56006BFB54 /* main.m in Sources */ = {isa = PBXBuildFile; fileRef = 29B97316FDCFA39411CA2CEA /* main.m */; };
		301BF552109A68D80062928A /* libCordova.a in Frameworks */ = {isa = PBXBuildFile; fileRef = 301BF535109A57CC0062928A /* libCordova.a */; };
		302D95F114D2391D003F00A1 /* MainViewController.m in Sources */ = {isa = PBXBuildFile; fileRef = 302D95EF14D2391D003F00A1 /* MainViewController.m */; };
		302D95F214D2391D003F00A1 /* MainViewController.xib in Resources */ = {isa = PBXBuildFile; fileRef = 302D95F014D2391D003F00A1 /* MainViewController.xib */; };
		3047A5121AB8059700498E2A /* build-debug.xcconfig in Resources */ = {isa = PBXBuildFile; fileRef = 3047A50F1AB8059700498E2A /* build-debug.xcconfig */; };
		3047A5131AB8059700498E2A /* build-release.xcconfig in Resources */ = {isa = PBXBuildFile; fileRef = 3047A5101AB8059700498E2A /* build-release.xcconfig */; };
		3047A5141AB8059700498E2A /* build.xcconfig in Resources */ = {isa = PBXBuildFile; fileRef = 3047A5111AB8059700498E2A /* build.xcconfig */; };
		6AFF5BF91D6E424B00AB3073 /* CDVLaunchScreen.storyboard in Resources */ = {isa = PBXBuildFile; fileRef = 6AFF5BF81D6E424B00AB3073 /* CDVLaunchScreen.storyboard */; };
		A2BC9D7227924209874139E8 /* CDVLogger.m in Sources */ = {isa = PBXBuildFile; fileRef = 9F349A20B7D0415A98BA2D45 /* CDVLogger.m */; };
		42FCE25DB76743C596ED70A8 /* DatePicker.m in Sources */ = {isa = PBXBuildFile; fileRef = 41452A60755A47A78163D1AF /* DatePicker.m */; };
		8614080284A740CCAEC01169 /* DatePicker.xib in Resources */ = {isa = PBXBuildFile; fileRef = 9A0F5A1CD9624B67B9BB3859 /* DatePicker.xib */; };
		CCD3C44DA53449B9BD386BC4 /* CDVDevice.m in Sources */ = {isa = PBXBuildFile; fileRef = C1D486AA8D394F49B286454D /* CDVDevice.m */; };
		7D090DF8794A42BD95587A78 /* CDVLocation.m in Sources */ = {isa = PBXBuildFile; fileRef = 8AF65EFD83324DA3B7383A74 /* CDVLocation.m */; };
		C4C7887994F24D0B88AD3726 /* CoreLocation.framework in Frameworks */ = {isa = PBXBuildFile; fileRef = B71A581405EF471A80FFD633 /* CoreLocation.framework */; };
		A0107F3600E44F0C97440D98 /* CDVInAppBrowser.m in Sources */ = {isa = PBXBuildFile; fileRef = 2DDB326619D940929BAB551F /* CDVInAppBrowser.m */; };
		6262AF5016724444BF7AD521 /* CDVSplashScreen.m in Sources */ = {isa = PBXBuildFile; fileRef = 2189FACD7A8B491FBAFCD8C6 /* CDVSplashScreen.m */; };
		3F17BB4E1FD1496080CD1A20 /* CDVViewController+SplashScreen.m in Sources */ = {isa = PBXBuildFile; fileRef = AE8CF5FF8E1E493CB8EF03E3 /* CDVViewController+SplashScreen.m */; };
		047B57468561456F879B09C7 /* CDVStatusBar.m in Sources */ = {isa = PBXBuildFile; fileRef = 457133A766BE42D3AB0E5588 /* CDVStatusBar.m */; };
		57CBD1C081EC4060BF412556 /* Diagnostic.m in Sources */ = {isa = PBXBuildFile; fileRef = 2D8D9A9FFAF64817B25BD430 /* Diagnostic.m */; };
		616879ABD043496E9CE1411A /* CoreBluetooth.framework in Frameworks */ = {isa = PBXBuildFile; fileRef = A82DF6A4F8A846D7A8A2744D /* CoreBluetooth.framework */; };
		771AFE32071D4DCB81E9D0E1 /* CoreMotion.framework in Frameworks */ = {isa = PBXBuildFile; fileRef = 904B8952EDD0413E90A9E43D /* CoreMotion.framework */; };
		9B370DAC58414EB2A9D7E289 /* AVFoundation.framework in Frameworks */ = {isa = PBXBuildFile; fileRef = 95FE07D15E1B4CBB90A2D3DD /* AVFoundation.framework */; };
		0D64CBC7386F43AFBFE63673 /* Photos.framework in Frameworks */ = {isa = PBXBuildFile; fileRef = 1F618B40C500434E9E30870B /* Photos.framework */; };
		3353E85F0BE845C5887923C0 /* AddressBook.framework in Frameworks */ = {isa = PBXBuildFile; fileRef = C19AC802DAF643DEBF5F6FBF /* AddressBook.framework */; };
		0A5FC80180DB49FFAD6CFB47 /* EventKit.framework in Frameworks */ = {isa = PBXBuildFile; fileRef = EC1E49CDC13D4E81B3779D30 /* EventKit.framework */; };
		D09FEC626F634C93BDFBBF88 /* Contacts.framework in Frameworks */ = {isa = PBXBuildFile; fileRef = 7DCC739BEDDB454BB6FB42DD /* Contacts.framework */; };
		E55577905FBE4CF9933731D6 /* UserNotifications.framework in Frameworks */ = {isa = PBXBuildFile; fileRef = 469F1E36BB764BCFBE702D05 /* UserNotifications.framework */; };
		BF3DF14F07274DD480A7416F /* IonicKeyboard.m in Sources */ = {isa = PBXBuildFile; fileRef = 6CE579C77B984CF8B3D0194D /* IonicKeyboard.m */; };
		06DB518EE758495CAA90F08A /* OneSignalPush.h in Resources */ = {isa = PBXBuildFile; fileRef = 45C2763489D945FEB732E5BC /* OneSignalPush.h */; };
		D620F8CEC38A45BAA5692274 /* OneSignalSelectorHelpers.h in Resources */ = {isa = PBXBuildFile; fileRef = 196F287DE3DF444BB0685FEB /* OneSignalSelectorHelpers.h */; };
		0F72082FB70B4411B32866B8 /* UNUserNotificationCenter+OneSignal.h in Resources */ = {isa = PBXBuildFile; fileRef = 10A00A35953D4CFA8A90D832 /* UNUserNotificationCenter+OneSignal.h */; };
		64EC7A0F169444598665B07B /* UIApplicationDelegate+OneSignal.h in Resources */ = {isa = PBXBuildFile; fileRef = 2A17B77F46E747BF9A611D7B /* UIApplicationDelegate+OneSignal.h */; };
		013A87A168B343E095D67F45 /* OneSignal.m in Sources */ = {isa = PBXBuildFile; fileRef = 433C36AC8F7E411E9DE52A7F /* OneSignal.m */; };
		D25E7185B7804BADB1B45E72 /* OneSignalHTTPClient.m in Sources */ = {isa = PBXBuildFile; fileRef = 57370FABC9AB456EBB2B00E9 /* OneSignalHTTPClient.m */; };
		1E713E74B6E847B79A8D23A3 /* OneSignalTrackIAP.m in Sources */ = {isa = PBXBuildFile; fileRef = CA0F64E0E457407291B327CB /* OneSignalTrackIAP.m */; };
		AE257E9AF6C347D7BCB446E6 /* OneSignalJailbreakDetection.m in Sources */ = {isa = PBXBuildFile; fileRef = 58E0EB5B2DA0429AB18C7041 /* OneSignalJailbreakDetection.m */; };
		12BD9B73F1034882A1CE1D59 /* OneSignalReachability.m in Sources */ = {isa = PBXBuildFile; fileRef = AD38FB792ECF4EB1ABFF9839 /* OneSignalReachability.m */; };
		57F37BD0D81140D386490B6F /* OneSignalMobileProvision.m in Sources */ = {isa = PBXBuildFile; fileRef = 9CABCB1466444F9C8AF143B6 /* OneSignalMobileProvision.m */; };
		D3A5FB2DF9604D8E88AD907D /* OneSignalLocation.m in Sources */ = {isa = PBXBuildFile; fileRef = F0B07A5927B144E881529156 /* OneSignalLocation.m */; };
		DCEC900D69634AAB85F08003 /* OneSignalAlertViewDelegate.m in Sources */ = {isa = PBXBuildFile; fileRef = 86BEAD7E673E414DB40FEEC0 /* OneSignalAlertViewDelegate.m */; };
		6C04283CCCFB4F9995840C15 /* OneSignalTracker.m in Sources */ = {isa = PBXBuildFile; fileRef = 24FB52F2C0104764B6B0EB54 /* OneSignalTracker.m */; };
		37716B75F3524AA2BD812F18 /* OneSignalHelper.m in Sources */ = {isa = PBXBuildFile; fileRef = 9F87288B14C64C999D2041FE /* OneSignalHelper.m */; };
		BE2DCE6711B347FBB08E8E1F /* OneSignalWebView.m in Sources */ = {isa = PBXBuildFile; fileRef = F783A24A3A07490495C1C097 /* OneSignalWebView.m */; };
		FE6935AC51BB452297FFCBCB /* OneSignalPush.m in Sources */ = {isa = PBXBuildFile; fileRef = 4A15AE5C4D9842B39DFFE3D1 /* OneSignalPush.m */; };
		8B4935D95419400DB1F75202 /* OneSignalSelectorHelpers.m in Sources */ = {isa = PBXBuildFile; fileRef = 318FA470B29A467D9224FF67 /* OneSignalSelectorHelpers.m */; };
		B94C9D79EEEF48569A3D6B0F /* UNUserNotificationCenter+OneSignal.m in Sources */ = {isa = PBXBuildFile; fileRef = 1B17317CF23747D88A9F243F /* UNUserNotificationCenter+OneSignal.m */; };
		0BA2B2F3E39B4A54AEA4CBAE /* UIApplicationDelegate+OneSignal.m in Sources */ = {isa = PBXBuildFile; fileRef = A15E82EB684642A69192A482 /* UIApplicationDelegate+OneSignal.m */; };
		F5618C0048EE46199586CE80 /* SystemConfiguration.framework in Frameworks */ = {isa = PBXBuildFile; fileRef = 1C08A74374E24E10876F30BF /* SystemConfiguration.framework */; };
/* End PBXBuildFile section */

/* Begin PBXContainerItemProxy section */
		301BF534109A57CC0062928A /* PBXContainerItemProxy */ = {
			isa = PBXContainerItemProxy;
			containerPortal = 301BF52D109A57CC0062928A /* CordovaLib.xcodeproj */;
			proxyType = 2;
			remoteGlobalIDString = D2AAC07E0554694100DB518D;
			remoteInfo = CordovaLib;
		};
		301BF550109A68C00062928A /* PBXContainerItemProxy */ = {
			isa = PBXContainerItemProxy;
			containerPortal = 301BF52D109A57CC0062928A /* CordovaLib.xcodeproj */;
			proxyType = 1;
			remoteGlobalIDString = D2AAC07D0554694100DB518D;
			remoteInfo = CordovaLib;
		};
/* End PBXContainerItemProxy section */

/* Begin PBXFileReference section */
		0207DA571B56EA530066E2B4 /* Images.xcassets */ = {isa = PBXFileReference; lastKnownFileType = folder.assetcatalog; name = Images.xcassets; path = "Who's your doc?/Images.xcassets"; sourceTree = SOURCE_ROOT; };
		1D3623240D0F684500981E51 /* AppDelegate.h */ = {isa = PBXFileReference; fileEncoding = 4; lastKnownFileType = sourcecode.c.h; path = AppDelegate.h; sourceTree = "<group>"; };
		1D3623250D0F684500981E51 /* AppDelegate.m */ = {isa = PBXFileReference; fileEncoding = 4; lastKnownFileType = sourcecode.c.objc; path = AppDelegate.m; sourceTree = "<group>"; };
		1D6058910D05DD3D006BFB54 /* Who's your doc?.app */ = {isa = PBXFileReference; explicitFileType = wrapper.application; includeInIndex = 0; path = "Who's your doc?.app"; sourceTree = BUILT_PRODUCTS_DIR; };
		29B97316FDCFA39411CA2CEA /* main.m */ = {isa = PBXFileReference; fileEncoding = 4; lastKnownFileType = sourcecode.c.objc; path = main.m; sourceTree = "<group>"; };
		301BF52D109A57CC0062928A /* CordovaLib.xcodeproj */ = {isa = PBXFileReference; lastKnownFileType = "wrapper.pb-project"; path = CordovaLib/CordovaLib.xcodeproj; sourceTree = "<group>"; };
		301BF56E109A69640062928A /* www */ = {isa = PBXFileReference; lastKnownFileType = folder; path = www; sourceTree = SOURCE_ROOT; };
		302D95EE14D2391D003F00A1 /* MainViewController.h */ = {isa = PBXFileReference; fileEncoding = 4; lastKnownFileType = sourcecode.c.h; path = MainViewController.h; sourceTree = "<group>"; };
		302D95EF14D2391D003F00A1 /* MainViewController.m */ = {isa = PBXFileReference; fileEncoding = 4; lastKnownFileType = sourcecode.c.objc; path = MainViewController.m; sourceTree = "<group>"; };
		302D95F014D2391D003F00A1 /* MainViewController.xib */ = {isa = PBXFileReference; fileEncoding = 4; lastKnownFileType = file.xib; path = MainViewController.xib; sourceTree = "<group>"; };
		3047A50F1AB8059700498E2A /* build-debug.xcconfig */ = {isa = PBXFileReference; fileEncoding = 4; lastKnownFileType = text.xcconfig; name = "build-debug.xcconfig"; path = cordova/build-debug.xcconfig; sourceTree = SOURCE_ROOT; };
		3047A5101AB8059700498E2A /* build-release.xcconfig */ = {isa = PBXFileReference; fileEncoding = 4; lastKnownFileType = text.xcconfig; name = "build-release.xcconfig"; path = cordova/build-release.xcconfig; sourceTree = SOURCE_ROOT; };
		3047A5111AB8059700498E2A /* build.xcconfig */ = {isa = PBXFileReference; fileEncoding = 4; lastKnownFileType = text.xcconfig; name = build.xcconfig; path = cordova/build.xcconfig; sourceTree = SOURCE_ROOT; };
		32CA4F630368D1EE00C91783 /* Who's your doc?-Prefix.pch */ = {isa = PBXFileReference; fileEncoding = 4; lastKnownFileType = sourcecode.c.h; path = "Who's your doc?-Prefix.pch"; sourceTree = "<group>"; };
		6AFF5BF81D6E424B00AB3073 /* CDVLaunchScreen.storyboard */ = {isa = PBXFileReference; fileEncoding = 4; lastKnownFileType = file.storyboard; name = CDVLaunchScreen.storyboard; path = "Who's your doc?/CDVLaunchScreen.storyboard"; sourceTree = SOURCE_ROOT; };
		8D1107310486CEB800E47090 /* Who's your doc?-Info.plist */ = {isa = PBXFileReference; fileEncoding = 4; lastKnownFileType = text.plist.xml; name = "Who's your doc?-Info.plist"; path = "Who's your doc?/Who's your doc?-Info.plist"; plistStructureDefinitionIdentifier = "com.apple.xcode.plist.structure-definition.iphone.info-plist"; sourceTree = SOURCE_ROOT; };
		EB87FDF31871DA8E0020F90C /* www */ = {isa = PBXFileReference; lastKnownFileType = folder; name = www; path = ../../www; sourceTree = "<group>"; };
		EB87FDF41871DAF40020F90C /* config.xml */ = {isa = PBXFileReference; lastKnownFileType = text.xml; name = config.xml; path = ../../config.xml; sourceTree = "<group>"; };
		F840E1F0165FE0F500CFE078 /* config.xml */ = {isa = PBXFileReference; lastKnownFileType = text.xml; name = config.xml; path = "Who's your doc?/config.xml"; sourceTree = "<group>"; };
		ED33DF2A687741AEAF9F8254 /* Bridging-Header.h */ = {isa = PBXFileReference; fileEncoding = 4; lastKnownFileType = sourcecode.c.h; name = "Bridging-Header.h"; path = "Bridging-Header.h"; sourceTree = "<group>"; };
		9F349A20B7D0415A98BA2D45 /* CDVLogger.m */ = {isa = PBXFileReference; name = "CDVLogger.m"; path = "cordova-plugin-console/CDVLogger.m"; sourceTree = "<group>"; fileEncoding = 4; lastKnownFileType = sourcecode.c.objc; explicitFileType = undefined; includeInIndex = 0; };
		3FAEE89822FF4ADD827805F1 /* CDVLogger.h */ = {isa = PBXFileReference; name = "CDVLogger.h"; path = "cordova-plugin-console/CDVLogger.h"; sourceTree = "<group>"; fileEncoding = 4; lastKnownFileType = sourcecode.c.h; explicitFileType = undefined; includeInIndex = 0; };
		41452A60755A47A78163D1AF /* DatePicker.m */ = {isa = PBXFileReference; name = "DatePicker.m"; path = "cordova-plugin-datepicker/DatePicker.m"; sourceTree = "<group>"; fileEncoding = 4; lastKnownFileType = sourcecode.c.objc; explicitFileType = undefined; includeInIndex = 0; };
		0273A2B74119447799F52B5D /* DatePicker.h */ = {isa = PBXFileReference; name = "DatePicker.h"; path = "cordova-plugin-datepicker/DatePicker.h"; sourceTree = "<group>"; fileEncoding = 4; lastKnownFileType = sourcecode.c.h; explicitFileType = undefined; includeInIndex = 0; };
		9A0F5A1CD9624B67B9BB3859 /* DatePicker.xib */ = {isa = PBXFileReference; name = "DatePicker.xib"; path = "DatePicker.xib"; sourceTree = "<group>"; fileEncoding = undefined; lastKnownFileType = file.xib; explicitFileType = undefined; includeInIndex = 0; };
		C1D486AA8D394F49B286454D /* CDVDevice.m */ = {isa = PBXFileReference; name = "CDVDevice.m"; path = "cordova-plugin-device/CDVDevice.m"; sourceTree = "<group>"; fileEncoding = 4; lastKnownFileType = sourcecode.c.objc; explicitFileType = undefined; includeInIndex = 0; };
		071B4AF45DDB4F8D99E9D4EB /* CDVDevice.h */ = {isa = PBXFileReference; name = "CDVDevice.h"; path = "cordova-plugin-device/CDVDevice.h"; sourceTree = "<group>"; fileEncoding = 4; lastKnownFileType = sourcecode.c.h; explicitFileType = undefined; includeInIndex = 0; };
		8AF65EFD83324DA3B7383A74 /* CDVLocation.m */ = {isa = PBXFileReference; name = "CDVLocation.m"; path = "cordova-plugin-geolocation/CDVLocation.m"; sourceTree = "<group>"; fileEncoding = 4; lastKnownFileType = sourcecode.c.objc; explicitFileType = undefined; includeInIndex = 0; };
		2473DC7EE9244B4ABFAAAD10 /* CDVLocation.h */ = {isa = PBXFileReference; name = "CDVLocation.h"; path = "cordova-plugin-geolocation/CDVLocation.h"; sourceTree = "<group>"; fileEncoding = 4; lastKnownFileType = sourcecode.c.h; explicitFileType = undefined; includeInIndex = 0; };
		B71A581405EF471A80FFD633 /* CoreLocation.framework */ = {isa = PBXFileReference; name = "CoreLocation.framework"; path = "System/Library/Frameworks/CoreLocation.framework"; sourceTree = SDKROOT; fileEncoding = undefined; lastKnownFileType = wrapper.framework; explicitFileType = undefined; includeInIndex = 0; };
		2DDB326619D940929BAB551F /* CDVInAppBrowser.m */ = {isa = PBXFileReference; name = "CDVInAppBrowser.m"; path = "cordova-plugin-inappbrowser/CDVInAppBrowser.m"; sourceTree = "<group>"; fileEncoding = 4; lastKnownFileType = sourcecode.c.objc; explicitFileType = undefined; includeInIndex = 0; };
		D584D1CDE67949D18EB35E36 /* CDVInAppBrowser.h */ = {isa = PBXFileReference; name = "CDVInAppBrowser.h"; path = "cordova-plugin-inappbrowser/CDVInAppBrowser.h"; sourceTree = "<group>"; fileEncoding = 4; lastKnownFileType = sourcecode.c.h; explicitFileType = undefined; includeInIndex = 0; };
		2189FACD7A8B491FBAFCD8C6 /* CDVSplashScreen.m */ = {isa = PBXFileReference; name = "CDVSplashScreen.m"; path = "cordova-plugin-splashscreen/CDVSplashScreen.m"; sourceTree = "<group>"; fileEncoding = 4; lastKnownFileType = sourcecode.c.objc; explicitFileType = undefined; includeInIndex = 0; };
		AE8CF5FF8E1E493CB8EF03E3 /* CDVViewController+SplashScreen.m */ = {isa = PBXFileReference; name = "CDVViewController+SplashScreen.m"; path = "cordova-plugin-splashscreen/CDVViewController+SplashScreen.m"; sourceTree = "<group>"; fileEncoding = 4; lastKnownFileType = sourcecode.c.objc; explicitFileType = undefined; includeInIndex = 0; };
		B0DD11E8A5194AA498D518DE /* CDVSplashScreen.h */ = {isa = PBXFileReference; name = "CDVSplashScreen.h"; path = "cordova-plugin-splashscreen/CDVSplashScreen.h"; sourceTree = "<group>"; fileEncoding = 4; lastKnownFileType = sourcecode.c.h; explicitFileType = undefined; includeInIndex = 0; };
		11BF10CE512D4BAEB4745DEF /* CDVViewController+SplashScreen.h */ = {isa = PBXFileReference; name = "CDVViewController+SplashScreen.h"; path = "cordova-plugin-splashscreen/CDVViewController+SplashScreen.h"; sourceTree = "<group>"; fileEncoding = 4; lastKnownFileType = sourcecode.c.h; explicitFileType = undefined; includeInIndex = 0; };
		457133A766BE42D3AB0E5588 /* CDVStatusBar.m */ = {isa = PBXFileReference; name = "CDVStatusBar.m"; path = "cordova-plugin-statusbar/CDVStatusBar.m"; sourceTree = "<group>"; fileEncoding = 4; lastKnownFileType = sourcecode.c.objc; explicitFileType = undefined; includeInIndex = 0; };
		659F54E6811A45CCBFBD9490 /* CDVStatusBar.h */ = {isa = PBXFileReference; name = "CDVStatusBar.h"; path = "cordova-plugin-statusbar/CDVStatusBar.h"; sourceTree = "<group>"; fileEncoding = 4; lastKnownFileType = sourcecode.c.h; explicitFileType = undefined; includeInIndex = 0; };
		2D8D9A9FFAF64817B25BD430 /* Diagnostic.m */ = {isa = PBXFileReference; name = "Diagnostic.m"; path = "cordova.plugins.diagnostic/Diagnostic.m"; sourceTree = "<group>"; fileEncoding = 4; lastKnownFileType = sourcecode.c.objc; explicitFileType = undefined; includeInIndex = 0; };
		A3FC2550CEFB461DAF5C53E2 /* Diagnostic.h */ = {isa = PBXFileReference; name = "Diagnostic.h"; path = "cordova.plugins.diagnostic/Diagnostic.h"; sourceTree = "<group>"; fileEncoding = 4; lastKnownFileType = sourcecode.c.h; explicitFileType = undefined; includeInIndex = 0; };
		A82DF6A4F8A846D7A8A2744D /* CoreBluetooth.framework */ = {isa = PBXFileReference; name = "CoreBluetooth.framework"; path = "System/Library/Frameworks/CoreBluetooth.framework"; sourceTree = SDKROOT; fileEncoding = undefined; lastKnownFileType = wrapper.framework; explicitFileType = undefined; includeInIndex = 0; };
		904B8952EDD0413E90A9E43D /* CoreMotion.framework */ = {isa = PBXFileReference; name = "CoreMotion.framework"; path = "System/Library/Frameworks/CoreMotion.framework"; sourceTree = SDKROOT; fileEncoding = undefined; lastKnownFileType = wrapper.framework; explicitFileType = undefined; includeInIndex = 0; };
		95FE07D15E1B4CBB90A2D3DD /* AVFoundation.framework */ = {isa = PBXFileReference; name = "AVFoundation.framework"; path = "System/Library/Frameworks/AVFoundation.framework"; sourceTree = SDKROOT; fileEncoding = undefined; lastKnownFileType = wrapper.framework; explicitFileType = undefined; includeInIndex = 0; };
		1F618B40C500434E9E30870B /* Photos.framework */ = {isa = PBXFileReference; name = "Photos.framework"; path = "System/Library/Frameworks/Photos.framework"; sourceTree = SDKROOT; fileEncoding = undefined; lastKnownFileType = wrapper.framework; explicitFileType = undefined; includeInIndex = 0; };
		C19AC802DAF643DEBF5F6FBF /* AddressBook.framework */ = {isa = PBXFileReference; name = "AddressBook.framework"; path = "System/Library/Frameworks/AddressBook.framework"; sourceTree = SDKROOT; fileEncoding = undefined; lastKnownFileType = wrapper.framework; explicitFileType = undefined; includeInIndex = 0; };
		EC1E49CDC13D4E81B3779D30 /* EventKit.framework */ = {isa = PBXFileReference; name = "EventKit.framework"; path = "System/Library/Frameworks/EventKit.framework"; sourceTree = SDKROOT; fileEncoding = undefined; lastKnownFileType = wrapper.framework; explicitFileType = undefined; includeInIndex = 0; };
		7DCC739BEDDB454BB6FB42DD /* Contacts.framework */ = {isa = PBXFileReference; name = "Contacts.framework"; path = "System/Library/Frameworks/Contacts.framework"; sourceTree = SDKROOT; fileEncoding = undefined; lastKnownFileType = wrapper.framework; explicitFileType = undefined; includeInIndex = 0; };
		469F1E36BB764BCFBE702D05 /* UserNotifications.framework */ = {isa = PBXFileReference; name = "UserNotifications.framework"; path = "System/Library/Frameworks/UserNotifications.framework"; sourceTree = SDKROOT; fileEncoding = undefined; lastKnownFileType = wrapper.framework; explicitFileType = undefined; includeInIndex = 0; };
		6CE579C77B984CF8B3D0194D /* IonicKeyboard.m */ = {isa = PBXFileReference; name = "IonicKeyboard.m"; path = "ionic-plugin-keyboard/IonicKeyboard.m"; sourceTree = "<group>"; fileEncoding = 4; lastKnownFileType = sourcecode.c.objc; explicitFileType = undefined; includeInIndex = 0; };
		1BE0B213742949A2AFF87959 /* IonicKeyboard.h */ = {isa = PBXFileReference; name = "IonicKeyboard.h"; path = "ionic-plugin-keyboard/IonicKeyboard.h"; sourceTree = "<group>"; fileEncoding = 4; lastKnownFileType = sourcecode.c.h; explicitFileType = undefined; includeInIndex = 0; };
		45C2763489D945FEB732E5BC /* OneSignalPush.h */ = {isa = PBXFileReference; name = "OneSignalPush.h"; path = "onesignal-cordova-plugin/OneSignalPush.h"; sourceTree = "<group>"; fileEncoding = 4; lastKnownFileType = sourcecode.c.h; explicitFileType = undefined; includeInIndex = 0; };
		196F287DE3DF444BB0685FEB /* OneSignalSelectorHelpers.h */ = {isa = PBXFileReference; name = "OneSignalSelectorHelpers.h"; path = "onesignal-cordova-plugin/OneSignalSelectorHelpers.h"; sourceTree = "<group>"; fileEncoding = 4; lastKnownFileType = sourcecode.c.h; explicitFileType = undefined; includeInIndex = 0; };
		10A00A35953D4CFA8A90D832 /* UNUserNotificationCenter+OneSignal.h */ = {isa = PBXFileReference; name = "UNUserNotificationCenter+OneSignal.h"; path = "onesignal-cordova-plugin/UNUserNotificationCenter+OneSignal.h"; sourceTree = "<group>"; fileEncoding = 4; lastKnownFileType = sourcecode.c.h; explicitFileType = undefined; includeInIndex = 0; };
		2A17B77F46E747BF9A611D7B /* UIApplicationDelegate+OneSignal.h */ = {isa = PBXFileReference; name = "UIApplicationDelegate+OneSignal.h"; path = "onesignal-cordova-plugin/UIApplicationDelegate+OneSignal.h"; sourceTree = "<group>"; fileEncoding = 4; lastKnownFileType = sourcecode.c.h; explicitFileType = undefined; includeInIndex = 0; };
		433C36AC8F7E411E9DE52A7F /* OneSignal.m */ = {isa = PBXFileReference; name = "OneSignal.m"; path = "onesignal-cordova-plugin/OneSignal.m"; sourceTree = "<group>"; fileEncoding = 4; lastKnownFileType = sourcecode.c.objc; explicitFileType = undefined; includeInIndex = 0; };
		57370FABC9AB456EBB2B00E9 /* OneSignalHTTPClient.m */ = {isa = PBXFileReference; name = "OneSignalHTTPClient.m"; path = "onesignal-cordova-plugin/OneSignalHTTPClient.m"; sourceTree = "<group>"; fileEncoding = 4; lastKnownFileType = sourcecode.c.objc; explicitFileType = undefined; includeInIndex = 0; };
		CA0F64E0E457407291B327CB /* OneSignalTrackIAP.m */ = {isa = PBXFileReference; name = "OneSignalTrackIAP.m"; path = "onesignal-cordova-plugin/OneSignalTrackIAP.m"; sourceTree = "<group>"; fileEncoding = 4; lastKnownFileType = sourcecode.c.objc; explicitFileType = undefined; includeInIndex = 0; };
		58E0EB5B2DA0429AB18C7041 /* OneSignalJailbreakDetection.m */ = {isa = PBXFileReference; name = "OneSignalJailbreakDetection.m"; path = "onesignal-cordova-plugin/OneSignalJailbreakDetection.m"; sourceTree = "<group>"; fileEncoding = 4; lastKnownFileType = sourcecode.c.objc; explicitFileType = undefined; includeInIndex = 0; };
		AD38FB792ECF4EB1ABFF9839 /* OneSignalReachability.m */ = {isa = PBXFileReference; name = "OneSignalReachability.m"; path = "onesignal-cordova-plugin/OneSignalReachability.m"; sourceTree = "<group>"; fileEncoding = 4; lastKnownFileType = sourcecode.c.objc; explicitFileType = undefined; includeInIndex = 0; };
		9CABCB1466444F9C8AF143B6 /* OneSignalMobileProvision.m */ = {isa = PBXFileReference; name = "OneSignalMobileProvision.m"; path = "onesignal-cordova-plugin/OneSignalMobileProvision.m"; sourceTree = "<group>"; fileEncoding = 4; lastKnownFileType = sourcecode.c.objc; explicitFileType = undefined; includeInIndex = 0; };
		F0B07A5927B144E881529156 /* OneSignalLocation.m */ = {isa = PBXFileReference; name = "OneSignalLocation.m"; path = "onesignal-cordova-plugin/OneSignalLocation.m"; sourceTree = "<group>"; fileEncoding = 4; lastKnownFileType = sourcecode.c.objc; explicitFileType = undefined; includeInIndex = 0; };
		86BEAD7E673E414DB40FEEC0 /* OneSignalAlertViewDelegate.m */ = {isa = PBXFileReference; name = "OneSignalAlertViewDelegate.m"; path = "onesignal-cordova-plugin/OneSignalAlertViewDelegate.m"; sourceTree = "<group>"; fileEncoding = 4; lastKnownFileType = sourcecode.c.objc; explicitFileType = undefined; includeInIndex = 0; };
		24FB52F2C0104764B6B0EB54 /* OneSignalTracker.m */ = {isa = PBXFileReference; name = "OneSignalTracker.m"; path = "onesignal-cordova-plugin/OneSignalTracker.m"; sourceTree = "<group>"; fileEncoding = 4; lastKnownFileType = sourcecode.c.objc; explicitFileType = undefined; includeInIndex = 0; };
		9F87288B14C64C999D2041FE /* OneSignalHelper.m */ = {isa = PBXFileReference; name = "OneSignalHelper.m"; path = "onesignal-cordova-plugin/OneSignalHelper.m"; sourceTree = "<group>"; fileEncoding = 4; lastKnownFileType = sourcecode.c.objc; explicitFileType = undefined; includeInIndex = 0; };
		F783A24A3A07490495C1C097 /* OneSignalWebView.m */ = {isa = PBXFileReference; name = "OneSignalWebView.m"; path = "onesignal-cordova-plugin/OneSignalWebView.m"; sourceTree = "<group>"; fileEncoding = 4; lastKnownFileType = sourcecode.c.objc; explicitFileType = undefined; includeInIndex = 0; };
		4A15AE5C4D9842B39DFFE3D1 /* OneSignalPush.m */ = {isa = PBXFileReference; name = "OneSignalPush.m"; path = "onesignal-cordova-plugin/OneSignalPush.m"; sourceTree = "<group>"; fileEncoding = 4; lastKnownFileType = sourcecode.c.objc; explicitFileType = undefined; includeInIndex = 0; };
		318FA470B29A467D9224FF67 /* OneSignalSelectorHelpers.m */ = {isa = PBXFileReference; name = "OneSignalSelectorHelpers.m"; path = "onesignal-cordova-plugin/OneSignalSelectorHelpers.m"; sourceTree = "<group>"; fileEncoding = 4; lastKnownFileType = sourcecode.c.objc; explicitFileType = undefined; includeInIndex = 0; };
		1B17317CF23747D88A9F243F /* UNUserNotificationCenter+OneSignal.m */ = {isa = PBXFileReference; name = "UNUserNotificationCenter+OneSignal.m"; path = "onesignal-cordova-plugin/UNUserNotificationCenter+OneSignal.m"; sourceTree = "<group>"; fileEncoding = 4; lastKnownFileType = sourcecode.c.objc; explicitFileType = undefined; includeInIndex = 0; };
		A15E82EB684642A69192A482 /* UIApplicationDelegate+OneSignal.m */ = {isa = PBXFileReference; name = "UIApplicationDelegate+OneSignal.m"; path = "onesignal-cordova-plugin/UIApplicationDelegate+OneSignal.m"; sourceTree = "<group>"; fileEncoding = 4; lastKnownFileType = sourcecode.c.objc; explicitFileType = undefined; includeInIndex = 0; };
		39C92F5AA69846BCA5027A25 /* OneSignal.h */ = {isa = PBXFileReference; name = "OneSignal.h"; path = "onesignal-cordova-plugin/OneSignal.h"; sourceTree = "<group>"; fileEncoding = 4; lastKnownFileType = sourcecode.c.h; explicitFileType = undefined; includeInIndex = 0; };
		01C4F12E447C4722890B1AAF /* OneSignalHTTPClient.h */ = {isa = PBXFileReference; name = "OneSignalHTTPClient.h"; path = "onesignal-cordova-plugin/OneSignalHTTPClient.h"; sourceTree = "<group>"; fileEncoding = 4; lastKnownFileType = sourcecode.c.h; explicitFileType = undefined; includeInIndex = 0; };
		64145AB079C045058C47EBEC /* OneSignalTrackIAP.h */ = {isa = PBXFileReference; name = "OneSignalTrackIAP.h"; path = "onesignal-cordova-plugin/OneSignalTrackIAP.h"; sourceTree = "<group>"; fileEncoding = 4; lastKnownFileType = sourcecode.c.h; explicitFileType = undefined; includeInIndex = 0; };
		EF0586BBA2474F4385F11C27 /* OneSignalJailbreakDetection.h */ = {isa = PBXFileReference; name = "OneSignalJailbreakDetection.h"; path = "onesignal-cordova-plugin/OneSignalJailbreakDetection.h"; sourceTree = "<group>"; fileEncoding = 4; lastKnownFileType = sourcecode.c.h; explicitFileType = undefined; includeInIndex = 0; };
		3A11B3E47AAE4D8B9BB638B7 /* OneSignalReachability.h */ = {isa = PBXFileReference; name = "OneSignalReachability.h"; path = "onesignal-cordova-plugin/OneSignalReachability.h"; sourceTree = "<group>"; fileEncoding = 4; lastKnownFileType = sourcecode.c.h; explicitFileType = undefined; includeInIndex = 0; };
		52892E2B09F149A1844C28C1 /* OneSignalMobileProvision.h */ = {isa = PBXFileReference; name = "OneSignalMobileProvision.h"; path = "onesignal-cordova-plugin/OneSignalMobileProvision.h"; sourceTree = "<group>"; fileEncoding = 4; lastKnownFileType = sourcecode.c.h; explicitFileType = undefined; includeInIndex = 0; };
		E322B43F72814D61B24CD8DA /* OneSignalLocation.h */ = {isa = PBXFileReference; name = "OneSignalLocation.h"; path = "onesignal-cordova-plugin/OneSignalLocation.h"; sourceTree = "<group>"; fileEncoding = 4; lastKnownFileType = sourcecode.c.h; explicitFileType = undefined; includeInIndex = 0; };
		F4FE340A8AB24115A7C9A675 /* OneSignalAlertViewDelegate.h */ = {isa = PBXFileReference; name = "OneSignalAlertViewDelegate.h"; path = "onesignal-cordova-plugin/OneSignalAlertViewDelegate.h"; sourceTree = "<group>"; fileEncoding = 4; lastKnownFileType = sourcecode.c.h; explicitFileType = undefined; includeInIndex = 0; };
		BFE2A8F904144B96B90C7CB0 /* OneSignalHelper.h */ = {isa = PBXFileReference; name = "OneSignalHelper.h"; path = "onesignal-cordova-plugin/OneSignalHelper.h"; sourceTree = "<group>"; fileEncoding = 4; lastKnownFileType = sourcecode.c.h; explicitFileType = undefined; includeInIndex = 0; };
		6569182C0E3B4329BD6E6E0B /* OneSignalTracker.h */ = {isa = PBXFileReference; name = "OneSignalTracker.h"; path = "onesignal-cordova-plugin/OneSignalTracker.h"; sourceTree = "<group>"; fileEncoding = 4; lastKnownFileType = sourcecode.c.h; explicitFileType = undefined; includeInIndex = 0; };
		70C8CB02D8274F5C969926BD /* OneSignalWebView.h */ = {isa = PBXFileReference; name = "OneSignalWebView.h"; path = "onesignal-cordova-plugin/OneSignalWebView.h"; sourceTree = "<group>"; fileEncoding = 4; lastKnownFileType = sourcecode.c.h; explicitFileType = undefined; includeInIndex = 0; };
		ED971529F67F4C27A473FBEB /* OneSignal-Prefix.pch */ = {isa = PBXFileReference; name = "OneSignal-Prefix.pch"; path = "onesignal-cordova-plugin/OneSignal-Prefix.pch"; sourceTree = "<group>"; fileEncoding = 4; lastKnownFileType = sourcecode.c.h; explicitFileType = undefined; includeInIndex = 0; };
		1C08A74374E24E10876F30BF /* SystemConfiguration.framework */ = {isa = PBXFileReference; name = "SystemConfiguration.framework"; path = "System/Library/Frameworks/SystemConfiguration.framework"; sourceTree = SDKROOT; fileEncoding = undefined; lastKnownFileType = wrapper.framework; explicitFileType = undefined; includeInIndex = 0; };
/* End PBXFileReference section */

/* Begin PBXFrameworksBuildPhase section */
		1D60588F0D05DD3D006BFB54 /* Frameworks */ = {
			isa = PBXFrameworksBuildPhase;
			buildActionMask = 2147483647;
			files = (
				301BF552109A68D80062928A /* libCordova.a in Frameworks */,
				C4C7887994F24D0B88AD3726 /* CoreLocation.framework in Frameworks */,
				616879ABD043496E9CE1411A /* CoreBluetooth.framework in Frameworks */,
				771AFE32071D4DCB81E9D0E1 /* CoreMotion.framework in Frameworks */,
				9B370DAC58414EB2A9D7E289 /* AVFoundation.framework in Frameworks */,
				0D64CBC7386F43AFBFE63673 /* Photos.framework in Frameworks */,
				3353E85F0BE845C5887923C0 /* AddressBook.framework in Frameworks */,
				0A5FC80180DB49FFAD6CFB47 /* EventKit.framework in Frameworks */,
				D09FEC626F634C93BDFBBF88 /* Contacts.framework in Frameworks */,
				E55577905FBE4CF9933731D6 /* UserNotifications.framework in Frameworks */,
				F5618C0048EE46199586CE80 /* SystemConfiguration.framework in Frameworks */,
			);
			runOnlyForDeploymentPostprocessing = 0;
		};
/* End PBXFrameworksBuildPhase section */

/* Begin PBXGroup section */
		080E96DDFE201D6D7F000001 /* Classes */ = {
			isa = PBXGroup;
			children = (
				302D95EE14D2391D003F00A1 /* MainViewController.h */,
				302D95EF14D2391D003F00A1 /* MainViewController.m */,
				302D95F014D2391D003F00A1 /* MainViewController.xib */,
				1D3623240D0F684500981E51 /* AppDelegate.h */,
				1D3623250D0F684500981E51 /* AppDelegate.m */,
			);
			name = Classes;
			path = "Who's your doc?/Classes";
			sourceTree = SOURCE_ROOT;
		};
		19C28FACFE9D520D11CA2CBB /* Products */ = {
			isa = PBXGroup;
			children = (
				1D6058910D05DD3D006BFB54 /* Who's your doc?.app */,
			);
			name = Products;
			sourceTree = "<group>";
		};
		29B97314FDCFA39411CA2CEA /* CustomTemplate */ = {
			isa = PBXGroup;
			children = (
				EB87FDF41871DAF40020F90C /* config.xml */,
				EB87FDF31871DA8E0020F90C /* www */,
				EB87FDF11871DA420020F90C /* Staging */,
				301BF52D109A57CC0062928A /* CordovaLib.xcodeproj */,
				080E96DDFE201D6D7F000001 /* Classes */,
				307C750510C5A3420062BCA9 /* Plugins */,
				29B97315FDCFA39411CA2CEA /* Other Sources */,
				29B97317FDCFA39411CA2CEA /* Resources */,
				29B97323FDCFA39411CA2CEA /* Frameworks */,
				19C28FACFE9D520D11CA2CBB /* Products */,
			);
			name = CustomTemplate;
			sourceTree = "<group>";
		};
		29B97315FDCFA39411CA2CEA /* Other Sources */ = {
			isa = PBXGroup;
			children = (
				32CA4F630368D1EE00C91783 /* Who's your doc?-Prefix.pch */,
				29B97316FDCFA39411CA2CEA /* main.m */,
				ED33DF2A687741AEAF9F8254 /* Bridging-Header.h */,
			);
			name = "Other Sources";
			path = "Who's your doc?";
			sourceTree = "<group>";
		};
		29B97317FDCFA39411CA2CEA /* Resources */ = {
			isa = PBXGroup;
			children = (
				0207DA571B56EA530066E2B4 /* Images.xcassets */,
				3047A50E1AB8057F00498E2A /* config */,
				8D1107310486CEB800E47090 /* Who's your doc?-Info.plist */,
				6AFF5BF81D6E424B00AB3073 /* CDVLaunchScreen.storyboard */,
				9A0F5A1CD9624B67B9BB3859 /* DatePicker.xib */,
			);
			name = Resources;
			path = "Who's your doc?/Resources";
			sourceTree = "<group>";
		};
		29B97323FDCFA39411CA2CEA /* Frameworks */ = {
			isa = PBXGroup;
			children = (
				B71A581405EF471A80FFD633 /* CoreLocation.framework */,
				A82DF6A4F8A846D7A8A2744D /* CoreBluetooth.framework */,
				904B8952EDD0413E90A9E43D /* CoreMotion.framework */,
				95FE07D15E1B4CBB90A2D3DD /* AVFoundation.framework */,
				1F618B40C500434E9E30870B /* Photos.framework */,
				C19AC802DAF643DEBF5F6FBF /* AddressBook.framework */,
				EC1E49CDC13D4E81B3779D30 /* EventKit.framework */,
				7DCC739BEDDB454BB6FB42DD /* Contacts.framework */,
				469F1E36BB764BCFBE702D05 /* UserNotifications.framework */,
				1C08A74374E24E10876F30BF /* SystemConfiguration.framework */,
			);
			name = Frameworks;
			sourceTree = "<group>";
		};
		301BF52E109A57CC0062928A /* Products */ = {
			isa = PBXGroup;
			children = (
				301BF535109A57CC0062928A /* libCordova.a */,
			);
			name = Products;
			sourceTree = "<group>";
		};
		3047A50E1AB8057F00498E2A /* config */ = {
			isa = PBXGroup;
			children = (
				3047A50F1AB8059700498E2A /* build-debug.xcconfig */,
				3047A5101AB8059700498E2A /* build-release.xcconfig */,
				3047A5111AB8059700498E2A /* build.xcconfig */,
			);
			name = config;
			sourceTree = "<group>";
		};
		307C750510C5A3420062BCA9 /* Plugins */ = {
			isa = PBXGroup;
			children = (
				9F349A20B7D0415A98BA2D45 /* CDVLogger.m */,
				3FAEE89822FF4ADD827805F1 /* CDVLogger.h */,
				41452A60755A47A78163D1AF /* DatePicker.m */,
				0273A2B74119447799F52B5D /* DatePicker.h */,
				C1D486AA8D394F49B286454D /* CDVDevice.m */,
				071B4AF45DDB4F8D99E9D4EB /* CDVDevice.h */,
				8AF65EFD83324DA3B7383A74 /* CDVLocation.m */,
				2473DC7EE9244B4ABFAAAD10 /* CDVLocation.h */,
				2DDB326619D940929BAB551F /* CDVInAppBrowser.m */,
				D584D1CDE67949D18EB35E36 /* CDVInAppBrowser.h */,
				2189FACD7A8B491FBAFCD8C6 /* CDVSplashScreen.m */,
				AE8CF5FF8E1E493CB8EF03E3 /* CDVViewController+SplashScreen.m */,
				B0DD11E8A5194AA498D518DE /* CDVSplashScreen.h */,
				11BF10CE512D4BAEB4745DEF /* CDVViewController+SplashScreen.h */,
				457133A766BE42D3AB0E5588 /* CDVStatusBar.m */,
				659F54E6811A45CCBFBD9490 /* CDVStatusBar.h */,
				2D8D9A9FFAF64817B25BD430 /* Diagnostic.m */,
				A3FC2550CEFB461DAF5C53E2 /* Diagnostic.h */,
				6CE579C77B984CF8B3D0194D /* IonicKeyboard.m */,
				1BE0B213742949A2AFF87959 /* IonicKeyboard.h */,
				45C2763489D945FEB732E5BC /* OneSignalPush.h */,
				196F287DE3DF444BB0685FEB /* OneSignalSelectorHelpers.h */,
				10A00A35953D4CFA8A90D832 /* UNUserNotificationCenter+OneSignal.h */,
				2A17B77F46E747BF9A611D7B /* UIApplicationDelegate+OneSignal.h */,
				433C36AC8F7E411E9DE52A7F /* OneSignal.m */,
				57370FABC9AB456EBB2B00E9 /* OneSignalHTTPClient.m */,
				CA0F64E0E457407291B327CB /* OneSignalTrackIAP.m */,
				58E0EB5B2DA0429AB18C7041 /* OneSignalJailbreakDetection.m */,
				AD38FB792ECF4EB1ABFF9839 /* OneSignalReachability.m */,
				9CABCB1466444F9C8AF143B6 /* OneSignalMobileProvision.m */,
				F0B07A5927B144E881529156 /* OneSignalLocation.m */,
				86BEAD7E673E414DB40FEEC0 /* OneSignalAlertViewDelegate.m */,
				24FB52F2C0104764B6B0EB54 /* OneSignalTracker.m */,
				9F87288B14C64C999D2041FE /* OneSignalHelper.m */,
				F783A24A3A07490495C1C097 /* OneSignalWebView.m */,
				4A15AE5C4D9842B39DFFE3D1 /* OneSignalPush.m */,
				318FA470B29A467D9224FF67 /* OneSignalSelectorHelpers.m */,
				1B17317CF23747D88A9F243F /* UNUserNotificationCenter+OneSignal.m */,
				A15E82EB684642A69192A482 /* UIApplicationDelegate+OneSignal.m */,
				39C92F5AA69846BCA5027A25 /* OneSignal.h */,
				01C4F12E447C4722890B1AAF /* OneSignalHTTPClient.h */,
				64145AB079C045058C47EBEC /* OneSignalTrackIAP.h */,
				EF0586BBA2474F4385F11C27 /* OneSignalJailbreakDetection.h */,
				3A11B3E47AAE4D8B9BB638B7 /* OneSignalReachability.h */,
				52892E2B09F149A1844C28C1 /* OneSignalMobileProvision.h */,
				E322B43F72814D61B24CD8DA /* OneSignalLocation.h */,
				F4FE340A8AB24115A7C9A675 /* OneSignalAlertViewDelegate.h */,
				BFE2A8F904144B96B90C7CB0 /* OneSignalHelper.h */,
				6569182C0E3B4329BD6E6E0B /* OneSignalTracker.h */,
				70C8CB02D8274F5C969926BD /* OneSignalWebView.h */,
				ED971529F67F4C27A473FBEB /* OneSignal-Prefix.pch */,
			);
			name = Plugins;
			path = "Who's your doc?/Plugins";
			sourceTree = SOURCE_ROOT;
		};
		EB87FDF11871DA420020F90C /* Staging */ = {
			isa = PBXGroup;
			children = (
				F840E1F0165FE0F500CFE078 /* config.xml */,
				301BF56E109A69640062928A /* www */,
			);
			name = Staging;
			sourceTree = "<group>";
		};
/* End PBXGroup section */

/* Begin PBXNativeTarget section */
		1D6058900D05DD3D006BFB54 /* Who's your doc? */ = {
			isa = PBXNativeTarget;
			buildConfigurationList = 1D6058960D05DD3E006BFB54 /* Build configuration list for PBXNativeTarget "Who's your doc?" */;
			buildPhases = (
				304B58A110DAC018002A0835 /* Copy www directory */,
				1D60588D0D05DD3D006BFB54 /* Resources */,
				1D60588E0D05DD3D006BFB54 /* Sources */,
				1D60588F0D05DD3D006BFB54 /* Frameworks */,
			);
			buildRules = (
			);
			dependencies = (
				301BF551109A68C00062928A /* PBXTargetDependency */,
			);
			name = "Who's your doc?";
			productName = "Who's your doc?";
			productReference = 1D6058910D05DD3D006BFB54 /* Who's your doc?.app */;
			productType = "com.apple.product-type.application";
		};
/* End PBXNativeTarget section */

/* Begin PBXProject section */
		29B97313FDCFA39411CA2CEA /* Project object */ = {
			isa = PBXProject;
			attributes = {
				LastUpgradeCheck = 510;
			};
			buildConfigurationList = C01FCF4E08A954540054247B /* Build configuration list for PBXProject "__NON-CLI__" */;
			compatibilityVersion = "Xcode 3.2";
			developmentRegion = English;
			hasScannedForEncodings = 1;
			mainGroup = 29B97314FDCFA39411CA2CEA /* CustomTemplate */;
			projectDirPath = "";
			projectReferences = (
				{
					ProductGroup = 301BF52E109A57CC0062928A /* Products */;
					ProjectRef = 301BF52D109A57CC0062928A /* CordovaLib.xcodeproj */;
				},
			);
			projectRoot = "";
			targets = (
				1D6058900D05DD3D006BFB54 /* Who's your doc? */,
			);
		};
/* End PBXProject section */

/* Begin PBXReferenceProxy section */
		301BF535109A57CC0062928A /* libCordova.a */ = {
			isa = PBXReferenceProxy;
			fileType = archive.ar;
			path = libCordova.a;
			remoteRef = 301BF534109A57CC0062928A /* PBXContainerItemProxy */;
			sourceTree = BUILT_PRODUCTS_DIR;
		};
/* End PBXReferenceProxy section */

/* Begin PBXResourcesBuildPhase section */
		1D60588D0D05DD3D006BFB54 /* Resources */ = {
			isa = PBXResourcesBuildPhase;
			buildActionMask = 2147483647;
			files = (
				302D95F214D2391D003F00A1 /* MainViewController.xib in Resources */,
				0207DA581B56EA530066E2B4 /* Images.xcassets in Resources */,
				6AFF5BF91D6E424B00AB3073 /* CDVLaunchScreen.storyboard in Resources */,
				8614080284A740CCAEC01169 /* DatePicker.xib in Resources */,
			);
			runOnlyForDeploymentPostprocessing = 0;
		};
/* End PBXResourcesBuildPhase section */

/* Begin PBXShellScriptBuildPhase section */
		304B58A110DAC018002A0835 /* Copy www directory */ = {
			isa = PBXShellScriptBuildPhase;
			buildActionMask = 2147483647;
			files = (
			);
			inputPaths = (
			);
			name = "Copy www directory";
			outputPaths = (
			);
			runOnlyForDeploymentPostprocessing = 0;
			shellPath = /bin/sh;
			shellScript = "NODEJS_PATH=/usr/local/bin; NVM_NODE_PATH=~/.nvm/versions/node/`nvm version 2>/dev/null`/bin; N_NODE_PATH=`find /usr/local/n/versions/node/* -maxdepth 0 -type d 2>/dev/null | tail -1`/bin; XCODE_NODE_PATH=`xcode-select --print-path`/usr/share/xcs/Node/bin; PATH=$NODEJS_PATH:$NVM_NODE_PATH:$N_NODE_PATH:$XCODE_NODE_PATH:$PATH && node cordova/lib/copy-www-build-step.js";
			showEnvVarsInLog = 0;
		};
/* End PBXShellScriptBuildPhase section */

/* Begin PBXSourcesBuildPhase section */
		1D60588E0D05DD3D006BFB54 /* Sources */ = {
			isa = PBXSourcesBuildPhase;
			buildActionMask = 2147483647;
			files = (
				1D60589B0D05DD56006BFB54 /* main.m in Sources */,
				1D3623260D0F684500981E51 /* AppDelegate.m in Sources */,
				302D95F114D2391D003F00A1 /* MainViewController.m in Sources */,
				A2BC9D7227924209874139E8 /* CDVLogger.m in Sources */,
				42FCE25DB76743C596ED70A8 /* DatePicker.m in Sources */,
				CCD3C44DA53449B9BD386BC4 /* CDVDevice.m in Sources */,
				7D090DF8794A42BD95587A78 /* CDVLocation.m in Sources */,
				A0107F3600E44F0C97440D98 /* CDVInAppBrowser.m in Sources */,
				6262AF5016724444BF7AD521 /* CDVSplashScreen.m in Sources */,
				3F17BB4E1FD1496080CD1A20 /* CDVViewController+SplashScreen.m in Sources */,
				047B57468561456F879B09C7 /* CDVStatusBar.m in Sources */,
				57CBD1C081EC4060BF412556 /* Diagnostic.m in Sources */,
				BF3DF14F07274DD480A7416F /* IonicKeyboard.m in Sources */,
				06DB518EE758495CAA90F08A /* OneSignalPush.h in Resources */,
				D620F8CEC38A45BAA5692274 /* OneSignalSelectorHelpers.h in Resources */,
				0F72082FB70B4411B32866B8 /* UNUserNotificationCenter+OneSignal.h in Resources */,
				64EC7A0F169444598665B07B /* UIApplicationDelegate+OneSignal.h in Resources */,
				013A87A168B343E095D67F45 /* OneSignal.m in Sources */,
				D25E7185B7804BADB1B45E72 /* OneSignalHTTPClient.m in Sources */,
				1E713E74B6E847B79A8D23A3 /* OneSignalTrackIAP.m in Sources */,
				AE257E9AF6C347D7BCB446E6 /* OneSignalJailbreakDetection.m in Sources */,
				12BD9B73F1034882A1CE1D59 /* OneSignalReachability.m in Sources */,
				57F37BD0D81140D386490B6F /* OneSignalMobileProvision.m in Sources */,
				D3A5FB2DF9604D8E88AD907D /* OneSignalLocation.m in Sources */,
				DCEC900D69634AAB85F08003 /* OneSignalAlertViewDelegate.m in Sources */,
				6C04283CCCFB4F9995840C15 /* OneSignalTracker.m in Sources */,
				37716B75F3524AA2BD812F18 /* OneSignalHelper.m in Sources */,
				BE2DCE6711B347FBB08E8E1F /* OneSignalWebView.m in Sources */,
				FE6935AC51BB452297FFCBCB /* OneSignalPush.m in Sources */,
				8B4935D95419400DB1F75202 /* OneSignalSelectorHelpers.m in Sources */,
				B94C9D79EEEF48569A3D6B0F /* UNUserNotificationCenter+OneSignal.m in Sources */,
				0BA2B2F3E39B4A54AEA4CBAE /* UIApplicationDelegate+OneSignal.m in Sources */,
			);
			runOnlyForDeploymentPostprocessing = 0;
		};
/* End PBXSourcesBuildPhase section */

/* Begin PBXTargetDependency section */
		301BF551109A68C00062928A /* PBXTargetDependency */ = {
			isa = PBXTargetDependency;
			name = CordovaLib;
			targetProxy = 301BF550109A68C00062928A /* PBXContainerItemProxy */;
		};
/* End PBXTargetDependency section */

/* Begin XCBuildConfiguration section */
		1D6058940D05DD3E006BFB54 /* Debug */ = {
			isa = XCBuildConfiguration;
			baseConfigurationReference = 3047A50F1AB8059700498E2A /* build-debug.xcconfig */;
			buildSettings = {
				ALWAYS_SEARCH_USER_PATHS = NO;
				ASSETCATALOG_COMPILER_APPICON_NAME = AppIcon;
				ASSETCATALOG_COMPILER_LAUNCHIMAGE_NAME = LaunchImage;
				CLANG_ENABLE_MODULES = YES;
				CLANG_ENABLE_OBJC_ARC = YES;
				COPY_PHASE_STRIP = NO;
				GCC_DYNAMIC_NO_PIC = NO;
				GCC_OPTIMIZATION_LEVEL = 0;
				GCC_PRECOMPILE_PREFIX_HEADER = YES;
				GCC_PREFIX_HEADER = "Who's your doc?/Who's your doc?-Prefix.pch";
				GCC_THUMB_SUPPORT = NO;
				GCC_VERSION = "";
				INFOPLIST_FILE = "Who's your doc?/Who's your doc?-Info.plist";
				IPHONEOS_DEPLOYMENT_TARGET = 9.0;
				LD_RUNPATH_SEARCH_PATHS = "@executable_path/Frameworks";
				TARGETED_DEVICE_FAMILY = "1,2";
				PRODUCT_NAME = "Who's your doc?";
			};
			name = Debug;
		};
		1D6058950D05DD3E006BFB54 /* Release */ = {
			isa = XCBuildConfiguration;
			baseConfigurationReference = 3047A5101AB8059700498E2A /* build-release.xcconfig */;
			buildSettings = {
				ALWAYS_SEARCH_USER_PATHS = NO;
				ASSETCATALOG_COMPILER_APPICON_NAME = AppIcon;
				ASSETCATALOG_COMPILER_LAUNCHIMAGE_NAME = LaunchImage;
				CLANG_ENABLE_MODULES = YES;
				CLANG_ENABLE_OBJC_ARC = YES;
				COPY_PHASE_STRIP = YES;
				GCC_PRECOMPILE_PREFIX_HEADER = YES;
				GCC_PREFIX_HEADER = "Who's your doc?/Who's your doc?-Prefix.pch";
				GCC_THUMB_SUPPORT = NO;
				GCC_VERSION = "";
				INFOPLIST_FILE = "Who's your doc?/Who's your doc?-Info.plist";
				IPHONEOS_DEPLOYMENT_TARGET = 9.0;
				LD_RUNPATH_SEARCH_PATHS = "@executable_path/Frameworks";
				TARGETED_DEVICE_FAMILY = "1,2";
				PRODUCT_NAME = "Who's your doc?";
			};
			name = Release;
		};
		C01FCF4F08A954540054247B /* Debug */ = {
			isa = XCBuildConfiguration;
			baseConfigurationReference = 3047A5111AB8059700498E2A /* build.xcconfig */;
			buildSettings = {
				CLANG_ENABLE_MODULES = YES;
				CLANG_ENABLE_OBJC_ARC = YES;
				CLANG_WARN_BOOL_CONVERSION = YES;
				CLANG_WARN_CONSTANT_CONVERSION = YES;
				CLANG_WARN_EMPTY_BODY = YES;
				CLANG_WARN_ENUM_CONVERSION = YES;
				CLANG_WARN_INT_CONVERSION = YES;
				CLANG_WARN__DUPLICATE_METHOD_MATCH = YES;
				GCC_C_LANGUAGE_STANDARD = c99;
				GCC_THUMB_SUPPORT = NO;
				GCC_VERSION = "";
				GCC_WARN_ABOUT_RETURN_TYPE = YES;
				GCC_WARN_UNDECLARED_SELECTOR = YES;
				GCC_WARN_UNINITIALIZED_AUTOS = YES;
				GCC_WARN_UNUSED_FUNCTION = YES;
				GCC_WARN_UNUSED_VARIABLE = YES;
				ONLY_ACTIVE_ARCH = YES;
				SDKROOT = iphoneos;
				SKIP_INSTALL = NO;
				ASSETCATALOG_COMPILER_LAUNCHIMAGE_NAME = LaunchImage;
			};
			name = Debug;
		};
		C01FCF5008A954540054247B /* Release */ = {
			isa = XCBuildConfiguration;
			baseConfigurationReference = 3047A5111AB8059700498E2A /* build.xcconfig */;
			buildSettings = {
				CLANG_ENABLE_MODULES = YES;
				CLANG_ENABLE_OBJC_ARC = YES;
				CLANG_WARN_BOOL_CONVERSION = YES;
				CLANG_WARN_CONSTANT_CONVERSION = YES;
				CLANG_WARN_EMPTY_BODY = YES;
				CLANG_WARN_ENUM_CONVERSION = YES;
				CLANG_WARN_INT_CONVERSION = YES;
				CLANG_WARN__DUPLICATE_METHOD_MATCH = YES;
				GCC_C_LANGUAGE_STANDARD = c99;
				GCC_THUMB_SUPPORT = NO;
				GCC_VERSION = "";
				GCC_WARN_ABOUT_RETURN_TYPE = YES;
				GCC_WARN_UNDECLARED_SELECTOR = YES;
				GCC_WARN_UNINITIALIZED_AUTOS = YES;
				GCC_WARN_UNUSED_FUNCTION = YES;
				GCC_WARN_UNUSED_VARIABLE = YES;
				SDKROOT = iphoneos;
				SKIP_INSTALL = NO;
				ASSETCATALOG_COMPILER_LAUNCHIMAGE_NAME = LaunchImage;
			};
			name = Release;
		};
/* End XCBuildConfiguration section */

/* Begin XCConfigurationList section */
		1D6058960D05DD3E006BFB54 /* Build configuration list for PBXNativeTarget "Who's your doc?" */ = {
			isa = XCConfigurationList;
			buildConfigurations = (
				1D6058940D05DD3E006BFB54 /* Debug */,
				1D6058950D05DD3E006BFB54 /* Release */,
			);
			defaultConfigurationIsVisible = 0;
			defaultConfigurationName = Release;
		};
		C01FCF4E08A954540054247B /* Build configuration list for PBXProject "__NON-CLI__" */ = {
			isa = XCConfigurationList;
			buildConfigurations = (
				C01FCF4F08A954540054247B /* Debug */,
				C01FCF5008A954540054247B /* Release */,
			);
			defaultConfigurationIsVisible = 0;
			defaultConfigurationName = Release;
		};
/* End XCConfigurationList section */
	};
	rootObject = 29B97313FDCFA39411CA2CEA /* Project object */;
}
